
Microsoft Visual Studio Solution File, Format Version 12.00
# Visual Studio Version 16
VisualStudioVersion = 16.0.30413.136
MinimumVisualStudioVersion = 10.0.40219.1
Project("{FAE04EC0-301F-11D3-BF4B-00C04F79EFBC}") = "Week6Arrays", "Week6Arrays\Week6Arrays.csproj", "{81214C59-61E9-4113-9693-A43A67E134E9}"
EndProject
Project("{FAE04EC0-301F-11D3-BF4B-00C04F79EFBC}") = "WardrobePicker", "WardrobePicker\WardrobePicker.csproj", "{37EE0DAB-4EA9-44A7-BAA3-7E83305527EB}"
EndProject
Project("{FAE04EC0-301F-11D3-BF4B-00C04F79EFBC}") = "UsersAgainstZombie", "UsersAgainstZombie\UsersAgainstZombie.csproj", "{FD2ACD51-3147-4A2E-9263-BFB10BF15437}"
EndProject
Global
	GlobalSection(SolutionConfigurationPlatforms) = preSolution
		Debug|Any CPU = Debug|Any CPU
		Release|Any CPU = Release|Any CPU
	EndGlobalSection
	GlobalSection(ProjectConfigurationPlatforms) = postSolution
		{81214C59-61E9-4113-9693-A43A67E134E9}.Debug|Any CPU.ActiveCfg = Debug|Any CPU
		{81214C59-61E9-4113-9693-A43A67E134E9}.Debug|Any CPU.Build.0 = Debug|Any CPU
		{81214C59-61E9-4113-9693-A43A67E134E9}.Release|Any CPU.ActiveCfg = Release|Any CPU
		{81214C59-61E9-4113-9693-A43A67E134E9}.Release|Any CPU.Build.0 = Release|Any CPU
		{37EE0DAB-4EA9-44A7-BAA3-7E83305527EB}.Debug|Any CPU.ActiveCfg = Debug|Any CPU
		{37EE0DAB-4EA9-44A7-BAA3-7E83305527EB}.Debug|Any CPU.Build.0 = Debug|Any CPU
		{37EE0DAB-4EA9-44A7-BAA3-7E83305527EB}.Release|Any CPU.ActiveCfg = Release|Any CPU
		{37EE0DAB-4EA9-44A7-BAA3-7E83305527EB}.Release|Any CPU.Build.0 = Release|Any CPU
		{FD2ACD51-3147-4A2E-9263-BFB10BF15437}.Debug|Any CPU.ActiveCfg = Debug|Any CPU
		{FD2ACD51-3147-4A2E-9263-BFB10BF15437}.Debug|Any CPU.Build.0 = Debug|Any CPU
		{FD2ACD51-3147-4A2E-9263-BFB10BF15437}.Release|Any CPU.ActiveCfg = Release|Any CPU
		{FD2ACD51-3147-4A2E-9263-BFB10BF15437}.Release|Any CPU.Build.0 = Release|Any CPU
	EndGlobalSection
	GlobalSection(SolutionProperties) = preSolution
		HideSolutionNode = FALSE
	EndGlobalSection
	GlobalSection(ExtensibilityGlobals) = postSolution
		SolutionGuid = {F5997285-3F4A-423C-8493-D7D77486A5CD}
	EndGlobalSection
EndGlobal
